
Microsoft Visual Studio Solution File, Format Version 12.00
# Visual Studio 2012
Project("{FAE04EC0-301F-11D3-BF4B-00C04F79EFBC}") = "ModernWPF.PCL.Web", "ModernWPF.PCL.Web\ModernWPF.PCL.Web.csproj", "{EA247EE9-E993-4E8E-A8DB-4939888C49BA}"
EndProject
Project("{FAE04EC0-301F-11D3-BF4B-00C04F79EFBC}") = "ModernWPF.PCL.Desktop", "ModernWPF.PCL.Desktop\ModernWPF.PCL.Desktop.csproj", "{4A06024D-EA5C-47E1-89C3-DB48590075EB}"
EndProject
Project("{2150E333-8FDC-42A3-9474-1A3956D46DE8}") = ".nuget", ".nuget", "{BC3C02A0-A965-49C7-BA90-C02C3630B406}"
	ProjectSection(SolutionItems) = preProject
		.nuget\NuGet.Config = .nuget\NuGet.Config
		.nuget\NuGet.exe = .nuget\NuGet.exe
		.nuget\NuGet.targets = .nuget\NuGet.targets
	EndProjectSection
EndProject
Project("{FAE04EC0-301F-11D3-BF4B-00C04F79EFBC}") = "ModernWPF.PCL.Common", "ModernWPF.PCL.Common\ModernWPF.PCL.Common.csproj", "{ADE227C7-F0D7-43B7-9761-455E37B13269}"
EndProject
Project("{FAE04EC0-301F-11D3-BF4B-00C04F79EFBC}") = "ModernWPF.PCL.Phone", "ModernWPF.PCL.Phone\ModernWPF.PCL.Phone.csproj", "{01100588-AFD7-4DCD-B05C-A6A647145FDC}"
EndProject
Project("{FAE04EC0-301F-11D3-BF4B-00C04F79EFBC}") = "ModernWPF.PCL.WindowsStore", "ModernWPF.PCL.WindowsStore\ModernWPF.PCL.WindowsStore.csproj", "{635A0515-0C43-4958-A288-B2971C1A6C1A}"
EndProject
Project("{2150E333-8FDC-42A3-9474-1A3956D46DE8}") = "Common", "Common", "{330CD503-4142-4FE4-AA1A-BAAAC8A73764}"
EndProject
Project("{2150E333-8FDC-42A3-9474-1A3956D46DE8}") = "Client", "Client", "{ABFE7E36-5197-4034-994E-075D90AB8D71}"
EndProject
Project("{2150E333-8FDC-42A3-9474-1A3956D46DE8}") = "Server", "Server", "{70FEA564-3824-4CF1-890F-03E2790E92FC}"
EndProject
Global
	GlobalSection(SolutionConfigurationPlatforms) = preSolution
		Debug|Any CPU = Debug|Any CPU
		Debug|ARM = Debug|ARM
		Debug|x64 = Debug|x64
		Debug|x86 = Debug|x86
		Release|Any CPU = Release|Any CPU
		Release|ARM = Release|ARM
		Release|x64 = Release|x64
		Release|x86 = Release|x86
	EndGlobalSection
	GlobalSection(ProjectConfigurationPlatforms) = postSolution
		{EA247EE9-E993-4E8E-A8DB-4939888C49BA}.Debug|Any CPU.ActiveCfg = Debug|Any CPU
		{EA247EE9-E993-4E8E-A8DB-4939888C49BA}.Debug|Any CPU.Build.0 = Debug|Any CPU
		{EA247EE9-E993-4E8E-A8DB-4939888C49BA}.Debug|ARM.ActiveCfg = Debug|Any CPU
		{EA247EE9-E993-4E8E-A8DB-4939888C49BA}.Debug|x64.ActiveCfg = Debug|Any CPU
		{EA247EE9-E993-4E8E-A8DB-4939888C49BA}.Debug|x86.ActiveCfg = Debug|Any CPU
		{EA247EE9-E993-4E8E-A8DB-4939888C49BA}.Release|Any CPU.ActiveCfg = Release|Any CPU
		{EA247EE9-E993-4E8E-A8DB-4939888C49BA}.Release|Any CPU.Build.0 = Release|Any CPU
		{EA247EE9-E993-4E8E-A8DB-4939888C49BA}.Release|ARM.ActiveCfg = Release|Any CPU
		{EA247EE9-E993-4E8E-A8DB-4939888C49BA}.Release|x64.ActiveCfg = Release|Any CPU
		{EA247EE9-E993-4E8E-A8DB-4939888C49BA}.Release|x86.ActiveCfg = Release|Any CPU
		{4A06024D-EA5C-47E1-89C3-DB48590075EB}.Debug|Any CPU.ActiveCfg = Debug|Any CPU
		{4A06024D-EA5C-47E1-89C3-DB48590075EB}.Debug|Any CPU.Build.0 = Debug|Any CPU
		{4A06024D-EA5C-47E1-89C3-DB48590075EB}.Debug|ARM.ActiveCfg = Debug|Any CPU
		{4A06024D-EA5C-47E1-89C3-DB48590075EB}.Debug|x64.ActiveCfg = Debug|Any CPU
		{4A06024D-EA5C-47E1-89C3-DB48590075EB}.Debug|x86.ActiveCfg = Debug|Any CPU
		{4A06024D-EA5C-47E1-89C3-DB48590075EB}.Release|Any CPU.ActiveCfg = Release|Any CPU
		{4A06024D-EA5C-47E1-89C3-DB48590075EB}.Release|Any CPU.Build.0 = Release|Any CPU
		{4A06024D-EA5C-47E1-89C3-DB48590075EB}.Release|ARM.ActiveCfg = Release|Any CPU
		{4A06024D-EA5C-47E1-89C3-DB48590075EB}.Release|x64.ActiveCfg = Release|Any CPU
		{4A06024D-EA5C-47E1-89C3-DB48590075EB}.Release|x86.ActiveCfg = Release|Any CPU
		{ADE227C7-F0D7-43B7-9761-455E37B13269}.Debug|Any CPU.ActiveCfg = Debug|Any CPU
		{ADE227C7-F0D7-43B7-9761-455E37B13269}.Debug|Any CPU.Build.0 = Debug|Any CPU
		{ADE227C7-F0D7-43B7-9761-455E37B13269}.Debug|ARM.ActiveCfg = Debug|Any CPU
		{ADE227C7-F0D7-43B7-9761-455E37B13269}.Debug|x64.ActiveCfg = Debug|Any CPU
		{ADE227C7-F0D7-43B7-9761-455E37B13269}.Debug|x86.ActiveCfg = Debug|Any CPU
		{ADE227C7-F0D7-43B7-9761-455E37B13269}.Release|Any CPU.ActiveCfg = Release|Any CPU
		{ADE227C7-F0D7-43B7-9761-455E37B13269}.Release|Any CPU.Build.0 = Release|Any CPU
		{ADE227C7-F0D7-43B7-9761-455E37B13269}.Release|ARM.ActiveCfg = Release|Any CPU
		{ADE227C7-F0D7-43B7-9761-455E37B13269}.Release|x64.ActiveCfg = Release|Any CPU
		{ADE227C7-F0D7-43B7-9761-455E37B13269}.Release|x86.ActiveCfg = Release|Any CPU
		{01100588-AFD7-4DCD-B05C-A6A647145FDC}.Debug|Any CPU.ActiveCfg = Debug|Any CPU
		{01100588-AFD7-4DCD-B05C-A6A647145FDC}.Debug|Any CPU.Build.0 = Debug|Any CPU
		{01100588-AFD7-4DCD-B05C-A6A647145FDC}.Debug|Any CPU.Deploy.0 = Debug|Any CPU
		{01100588-AFD7-4DCD-B05C-A6A647145FDC}.Debug|ARM.ActiveCfg = Debug|ARM
		{01100588-AFD7-4DCD-B05C-A6A647145FDC}.Debug|ARM.Build.0 = Debug|ARM
		{01100588-AFD7-4DCD-B05C-A6A647145FDC}.Debug|ARM.Deploy.0 = Debug|ARM
		{01100588-AFD7-4DCD-B05C-A6A647145FDC}.Debug|x64.ActiveCfg = Debug|Any CPU
		{01100588-AFD7-4DCD-B05C-A6A647145FDC}.Debug|x86.ActiveCfg = Debug|x86
		{01100588-AFD7-4DCD-B05C-A6A647145FDC}.Debug|x86.Build.0 = Debug|x86
		{01100588-AFD7-4DCD-B05C-A6A647145FDC}.Debug|x86.Deploy.0 = Debug|x86
		{01100588-AFD7-4DCD-B05C-A6A647145FDC}.Release|Any CPU.ActiveCfg = Release|Any CPU
		{01100588-AFD7-4DCD-B05C-A6A647145FDC}.Release|Any CPU.Build.0 = Release|Any CPU
		{01100588-AFD7-4DCD-B05C-A6A647145FDC}.Release|Any CPU.Deploy.0 = Release|Any CPU
		{01100588-AFD7-4DCD-B05C-A6A647145FDC}.Release|ARM.ActiveCfg = Release|ARM
		{01100588-AFD7-4DCD-B05C-A6A647145FDC}.Release|ARM.Build.0 = Release|ARM
		{01100588-AFD7-4DCD-B05C-A6A647145FDC}.Release|ARM.Deploy.0 = Release|ARM
		{01100588-AFD7-4DCD-B05C-A6A647145FDC}.Release|x64.ActiveCfg = Release|Any CPU
		{01100588-AFD7-4DCD-B05C-A6A647145FDC}.Release|x86.ActiveCfg = Release|x86
		{01100588-AFD7-4DCD-B05C-A6A647145FDC}.Release|x86.Build.0 = Release|x86
		{01100588-AFD7-4DCD-B05C-A6A647145FDC}.Release|x86.Deploy.0 = Release|x86
		{635A0515-0C43-4958-A288-B2971C1A6C1A}.Debug|Any CPU.ActiveCfg = Debug|Any CPU
		{635A0515-0C43-4958-A288-B2971C1A6C1A}.Debug|Any CPU.Build.0 = Debug|Any CPU
		{635A0515-0C43-4958-A288-B2971C1A6C1A}.Debug|Any CPU.Deploy.0 = Debug|Any CPU
		{635A0515-0C43-4958-A288-B2971C1A6C1A}.Debug|ARM.ActiveCfg = Debug|ARM
		{635A0515-0C43-4958-A288-B2971C1A6C1A}.Debug|ARM.Build.0 = Debug|ARM
		{635A0515-0C43-4958-A288-B2971C1A6C1A}.Debug|ARM.Deploy.0 = Debug|ARM
		{635A0515-0C43-4958-A288-B2971C1A6C1A}.Debug|x64.ActiveCfg = Debug|x64
		{635A0515-0C43-4958-A288-B2971C1A6C1A}.Debug|x64.Build.0 = Debug|x64
		{635A0515-0C43-4958-A288-B2971C1A6C1A}.Debug|x64.Deploy.0 = Debug|x64
		{635A0515-0C43-4958-A288-B2971C1A6C1A}.Debug|x86.ActiveCfg = Debug|x86
		{635A0515-0C43-4958-A288-B2971C1A6C1A}.Debug|x86.Build.0 = Debug|x86
		{635A0515-0C43-4958-A288-B2971C1A6C1A}.Debug|x86.Deploy.0 = Debug|x86
		{635A0515-0C43-4958-A288-B2971C1A6C1A}.Release|Any CPU.ActiveCfg = Release|Any CPU
		{635A0515-0C43-4958-A288-B2971C1A6C1A}.Release|Any CPU.Build.0 = Release|Any CPU
		{635A0515-0C43-4958-A288-B2971C1A6C1A}.Release|Any CPU.Deploy.0 = Release|Any CPU
		{635A0515-0C43-4958-A288-B2971C1A6C1A}.Release|ARM.ActiveCfg = Release|ARM
		{635A0515-0C43-4958-A288-B2971C1A6C1A}.Release|ARM.Build.0 = Release|ARM
		{635A0515-0C43-4958-A288-B2971C1A6C1A}.Release|ARM.Deploy.0 = Release|ARM
		{635A0515-0C43-4958-A288-B2971C1A6C1A}.Release|x64.ActiveCfg = Release|x64
		{635A0515-0C43-4958-A288-B2971C1A6C1A}.Release|x64.Build.0 = Release|x64
		{635A0515-0C43-4958-A288-B2971C1A6C1A}.Release|x64.Deploy.0 = Release|x64
		{635A0515-0C43-4958-A288-B2971C1A6C1A}.Release|x86.ActiveCfg = Release|x86
		{635A0515-0C43-4958-A288-B2971C1A6C1A}.Release|x86.Build.0 = Release|x86
		{635A0515-0C43-4958-A288-B2971C1A6C1A}.Release|x86.Deploy.0 = Release|x86
	EndGlobalSection
	GlobalSection(SolutionProperties) = preSolution
		HideSolutionNode = FALSE
	EndGlobalSection
	GlobalSection(NestedProjects) = preSolution
		{ADE227C7-F0D7-43B7-9761-455E37B13269} = {330CD503-4142-4FE4-AA1A-BAAAC8A73764}
		{4A06024D-EA5C-47E1-89C3-DB48590075EB} = {ABFE7E36-5197-4034-994E-075D90AB8D71}
		{01100588-AFD7-4DCD-B05C-A6A647145FDC} = {ABFE7E36-5197-4034-994E-075D90AB8D71}
		{635A0515-0C43-4958-A288-B2971C1A6C1A} = {ABFE7E36-5197-4034-994E-075D90AB8D71}
		{EA247EE9-E993-4E8E-A8DB-4939888C49BA} = {70FEA564-3824-4CF1-890F-03E2790E92FC}
	EndGlobalSection
EndGlobal
