
Microsoft Visual Studio Solution File, Format Version 12.00
# Visual Studio 2012
Project("{FAE04EC0-301F-11D3-BF4B-00C04F79EFBC}") = "ModernWPF.SignalR.Desktop", "ModernWPF.SignalR.Desktop\ModernWPF.SignalR.Desktop.csproj", "{B32C2CEE-EC07-4C68-87E5-492E405FC6BE}"
EndProject
Project("{FAE04EC0-301F-11D3-BF4B-00C04F79EFBC}") = "ModernWPF.SignalR.Web", "ModernWPF.SignalR.Web\ModernWPF.SignalR.Web.csproj", "{29AE7AC9-A756-4E72-881E-009D373EDC64}"
EndProject
Global
	GlobalSection(SolutionConfigurationPlatforms) = preSolution
		Debug|Any CPU = Debug|Any CPU
		Release|Any CPU = Release|Any CPU
	EndGlobalSection
	GlobalSection(ProjectConfigurationPlatforms) = postSolution
		{B32C2CEE-EC07-4C68-87E5-492E405FC6BE}.Debug|Any CPU.ActiveCfg = Debug|Any CPU
		{B32C2CEE-EC07-4C68-87E5-492E405FC6BE}.Debug|Any CPU.Build.0 = Debug|Any CPU
		{B32C2CEE-EC07-4C68-87E5-492E405FC6BE}.Release|Any CPU.ActiveCfg = Release|Any CPU
		{B32C2CEE-EC07-4C68-87E5-492E405FC6BE}.Release|Any CPU.Build.0 = Release|Any CPU
		{29AE7AC9-A756-4E72-881E-009D373EDC64}.Debug|Any CPU.ActiveCfg = Debug|Any CPU
		{29AE7AC9-A756-4E72-881E-009D373EDC64}.Debug|Any CPU.Build.0 = Debug|Any CPU
		{29AE7AC9-A756-4E72-881E-009D373EDC64}.Release|Any CPU.ActiveCfg = Release|Any CPU
		{29AE7AC9-A756-4E72-881E-009D373EDC64}.Release|Any CPU.Build.0 = Release|Any CPU
	EndGlobalSection
	GlobalSection(SolutionProperties) = preSolution
		HideSolutionNode = FALSE
	EndGlobalSection
EndGlobal
